
Microsoft Visual Studio Solution File, Format Version 12.00
# Visual Studio 15
VisualStudioVersion = 15.0.27703.2042
MinimumVisualStudioVersion = 10.0.40219.1
Project("{FAE04EC0-301F-11D3-BF4B-00C04F79EFBC}") = "BooklyReview", "BooklyReview\BooklyReview.csproj", "{4890B6B4-36C1-4D80-B13D-DE959A546F85}"
EndProject
Global
	GlobalSection(SolutionConfigurationPlatforms) = preSolution
		Debug|Any CPU = Debug|Any CPU
		Release|Any CPU = Release|Any CPU
	EndGlobalSection
	GlobalSection(ProjectConfigurationPlatforms) = postSolution
		{4890B6B4-36C1-4D80-B13D-DE959A546F85}.Debug|Any CPU.ActiveCfg = Debug|Any CPU
		{4890B6B4-36C1-4D80-B13D-DE959A546F85}.Debug|Any CPU.Build.0 = Debug|Any CPU
		{4890B6B4-36C1-4D80-B13D-DE959A546F85}.Release|Any CPU.ActiveCfg = Release|Any CPU
		{4890B6B4-36C1-4D80-B13D-DE959A546F85}.Release|Any CPU.Build.0 = Release|Any CPU
	EndGlobalSection
	GlobalSection(SolutionProperties) = preSolution
		HideSolutionNode = FALSE
	EndGlobalSection
	GlobalSection(ExtensibilityGlobals) = postSolution
		SolutionGuid = {FE49FD8C-84B7-484C-8AF3-0C6EB02ED9A1}
	EndGlobalSection
EndGlobal
